// !$*UTF8*$!
{
	archiveVersion = 1;
	classes = {
	};
	objectVersion = 56;
	objects = {

/* Begin PBXBuildFile section */
		530578952CAD51BA0075182B /* ElevatorRequestAppApp.swift in Sources */ = {isa = PBXBuildFile; fileRef = 530578942CAD51BA0075182B /* ElevatorRequestAppApp.swift */; };
		530578972CAD51BA0075182B /* ContentView.swift in Sources */ = {isa = PBXBuildFile; fileRef = 530578962CAD51BA0075182B /* ContentView.swift */; };
		530578992CAD51BC0075182B /* Assets.xcassets in Resources */ = {isa = PBXBuildFile; fileRef = 530578982CAD51BC0075182B /* Assets.xcassets */; };
		5305789D2CAD51BC0075182B /* Preview Assets.xcassets in Resources */ = {isa = PBXBuildFile; fileRef = 5305789C2CAD51BC0075182B /* Preview Assets.xcassets */; };
		530578A72CAD51BC0075182B /* ElevatorRequestAppTests.swift in Sources */ = {isa = PBXBuildFile; fileRef = 530578A62CAD51BC0075182B /* ElevatorRequestAppTests.swift */; };
		530578B12CAD51BC0075182B /* ElevatorRequestAppUITests.swift in Sources */ = {isa = PBXBuildFile; fileRef = 530578B02CAD51BC0075182B /* ElevatorRequestAppUITests.swift */; };
/* End PBXBuildFile section */

/* Begin PBXContainerItemProxy section */
		530578A32CAD51BC0075182B /* PBXContainerItemProxy */ = {
			isa = PBXContainerItemProxy;
			containerPortal = 530578892CAD51BA0075182B /* Project object */;
			proxyType = 1;
			remoteGlobalIDString = 530578902CAD51BA0075182B;
			remoteInfo = ElevatorRequestApp;
		};
		530578AD2CAD51BC0075182B /* PBXContainerItemProxy */ = {
			isa = PBXContainerItemProxy;
			containerPortal = 530578892CAD51BA0075182B /* Project object */;
			proxyType = 1;
			remoteGlobalIDString = 530578902CAD51BA0075182B;
			remoteInfo = ElevatorRequestApp;
		};
/* End PBXContainerItemProxy section */

/* Begin PBXFileReference section */
		530578912CAD51BA0075182B /* ElevatorRequestApp.app */ = {isa = PBXFileReference; explicitFileType = wrapper.application; includeInIndex = 0; path = ElevatorRequestApp.app; sourceTree = BUILT_PRODUCTS_DIR; };
		530578942CAD51BA0075182B /* ElevatorRequestAppApp.swift */ = {isa = PBXFileReference; lastKnownFileType = sourcecode.swift; path = ElevatorRequestAppApp.swift; sourceTree = "<group>"; };
		530578962CAD51BA0075182B /* ContentView.swift */ = {isa = PBXFileReference; lastKnownFileType = sourcecode.swift; path = ContentView.swift; sourceTree = "<group>"; };
		530578982CAD51BC0075182B /* Assets.xcassets */ = {isa = PBXFileReference; lastKnownFileType = folder.assetcatalog; path = Assets.xcassets; sourceTree = "<group>"; };
		5305789A2CAD51BC0075182B /* ElevatorRequestApp.entitlements */ = {isa = PBXFileReference; lastKnownFileType = text.plist.entitlements; path = ElevatorRequestApp.entitlements; sourceTree = "<group>"; };
		5305789C2CAD51BC0075182B /* Preview Assets.xcassets */ = {isa = PBXFileReference; lastKnownFileType = folder.assetcatalog; path = "Preview Assets.xcassets"; sourceTree = "<group>"; };
		530578A22CAD51BC0075182B /* ElevatorRequestAppTests.xctest */ = {isa = PBXFileReference; explicitFileType = wrapper.cfbundle; includeInIndex = 0; path = ElevatorRequestAppTests.xctest; sourceTree = BUILT_PRODUCTS_DIR; };
		530578A62CAD51BC0075182B /* ElevatorRequestAppTests.swift */ = {isa = PBXFileReference; lastKnownFileType = sourcecode.swift; path = ElevatorRequestAppTests.swift; sourceTree = "<group>"; };
		530578AC2CAD51BC0075182B /* ElevatorRequestAppUITests.xctest */ = {isa = PBXFileReference; explicitFileType = wrapper.cfbundle; includeInIndex = 0; path = ElevatorRequestAppUITests.xctest; sourceTree = BUILT_PRODUCTS_DIR; };
		530578B02CAD51BC0075182B /* ElevatorRequestAppUITests.swift */ = {isa = PBXFileReference; lastKnownFileType = sourcecode.swift; path = ElevatorRequestAppUITests.swift; sourceTree = "<group>"; };
/* End PBXFileReference section */

/* Begin PBXFrameworksBuildPhase section */
		5305788E2CAD51BA0075182B /* Frameworks */ = {
			isa = PBXFrameworksBuildPhase;
			buildActionMask = 2147483647;
			files = (
			);
			runOnlyForDeploymentPostprocessing = 0;
		};
		5305789F2CAD51BC0075182B /* Frameworks */ = {
			isa = PBXFrameworksBuildPhase;
			buildActionMask = 2147483647;
			files = (
			);
			runOnlyForDeploymentPostprocessing = 0;
		};
		530578A92CAD51BC0075182B /* Frameworks */ = {
			isa = PBXFrameworksBuildPhase;
			buildActionMask = 2147483647;
			files = (
			);
			runOnlyForDeploymentPostprocessing = 0;
		};
/* End PBXFrameworksBuildPhase section */

/* Begin PBXGroup section */
		530578882CAD51BA0075182B = {
			isa = PBXGroup;
			children = (
				530578932CAD51BA0075182B /* ElevatorRequestApp */,
				530578A52CAD51BC0075182B /* ElevatorRequestAppTests */,
				530578AF2CAD51BC0075182B /* ElevatorRequestAppUITests */,
				530578922CAD51BA0075182B /* Products */,
			);
			sourceTree = "<group>";
		};
		530578922CAD51BA0075182B /* Products */ = {
			isa = PBXGroup;
			children = (
				530578912CAD51BA0075182B /* ElevatorRequestApp.app */,
				530578A22CAD51BC0075182B /* ElevatorRequestAppTests.xctest */,
				530578AC2CAD51BC0075182B /* ElevatorRequestAppUITests.xctest */,
			);
			name = Products;
			sourceTree = "<group>";
		};
		530578932CAD51BA0075182B /* ElevatorRequestApp */ = {
			isa = PBXGroup;
			children = (
				530578942CAD51BA0075182B /* ElevatorRequestAppApp.swift */,
				530578962CAD51BA0075182B /* ContentView.swift */,
				530578982CAD51BC0075182B /* Assets.xcassets */,
				5305789A2CAD51BC0075182B /* ElevatorRequestApp.entitlements */,
				5305789B2CAD51BC0075182B /* Preview Content */,
			);
			path = ElevatorRequestApp;
			sourceTree = "<group>";
		};
		5305789B2CAD51BC0075182B /* Preview Content */ = {
			isa = PBXGroup;
			children = (
				5305789C2CAD51BC0075182B /* Preview Assets.xcassets */,
			);
			path = "Preview Content";
			sourceTree = "<group>";
		};
		530578A52CAD51BC0075182B /* ElevatorRequestAppTests */ = {
			isa = PBXGroup;
			children = (
				530578A62CAD51BC0075182B /* ElevatorRequestAppTests.swift */,
			);
			path = ElevatorRequestAppTests;
			sourceTree = "<group>";
		};
		530578AF2CAD51BC0075182B /* ElevatorRequestAppUITests */ = {
			isa = PBXGroup;
			children = (
				530578B02CAD51BC0075182B /* ElevatorRequestAppUITests.swift */,
			);
			path = ElevatorRequestAppUITests;
			sourceTree = "<group>";
		};
/* End PBXGroup section */

/* Begin PBXNativeTarget section */
		530578902CAD51BA0075182B /* ElevatorRequestApp */ = {
			isa = PBXNativeTarget;
			buildConfigurationList = 530578B62CAD51BC0075182B /* Build configuration list for PBXNativeTarget "ElevatorRequestApp" */;
			buildPhases = (
				5305788D2CAD51BA0075182B /* Sources */,
				5305788E2CAD51BA0075182B /* Frameworks */,
				5305788F2CAD51BA0075182B /* Resources */,
			);
			buildRules = (
			);
			dependencies = (
			);
			name = ElevatorRequestApp;
			productName = ElevatorRequestApp;
			productReference = 530578912CAD51BA0075182B /* ElevatorRequestApp.app */;
			productType = "com.apple.product-type.application";
		};
		530578A12CAD51BC0075182B /* ElevatorRequestAppTests */ = {
			isa = PBXNativeTarget;
			buildConfigurationList = 530578B92CAD51BC0075182B /* Build configuration list for PBXNativeTarget "ElevatorRequestAppTests" */;
			buildPhases = (
				5305789E2CAD51BC0075182B /* Sources */,
				5305789F2CAD51BC0075182B /* Frameworks */,
				530578A02CAD51BC0075182B /* Resources */,
			);
			buildRules = (
			);
			dependencies = (
				530578A42CAD51BC0075182B /* PBXTargetDependency */,
			);
			name = ElevatorRequestAppTests;
			productName = ElevatorRequestAppTests;
			productReference = 530578A22CAD51BC0075182B /* ElevatorRequestAppTests.xctest */;
			productType = "com.apple.product-type.bundle.unit-test";
		};
		530578AB2CAD51BC0075182B /* ElevatorRequestAppUITests */ = {
			isa = PBXNativeTarget;
			buildConfigurationList = 530578BC2CAD51BC0075182B /* Build configuration list for PBXNativeTarget "ElevatorRequestAppUITests" */;
			buildPhases = (
				530578A82CAD51BC0075182B /* Sources */,
				530578A92CAD51BC0075182B /* Frameworks */,
				530578AA2CAD51BC0075182B /* Resources */,
			);
			buildRules = (
			);
			dependencies = (
				530578AE2CAD51BC0075182B /* PBXTargetDependency */,
			);
			name = ElevatorRequestAppUITests;
			productName = ElevatorRequestAppUITests;
			productReference = 530578AC2CAD51BC0075182B /* ElevatorRequestAppUITests.xctest */;
			productType = "com.apple.product-type.bundle.ui-testing";
		};
/* End PBXNativeTarget section */

/* Begin PBXProject section */
		530578892CAD51BA0075182B /* Project object */ = {
			isa = PBXProject;
			attributes = {
				BuildIndependentTargetsInParallel = 1;
				LastSwiftUpdateCheck = 1430;
				LastUpgradeCheck = 1430;
				TargetAttributes = {
					530578902CAD51BA0075182B = {
						CreatedOnToolsVersion = 14.3.1;
					};
					530578A12CAD51BC0075182B = {
						CreatedOnToolsVersion = 14.3.1;
						TestTargetID = 530578902CAD51BA0075182B;
					};
					530578AB2CAD51BC0075182B = {
						CreatedOnToolsVersion = 14.3.1;
						TestTargetID = 530578902CAD51BA0075182B;
					};
				};
			};
			buildConfigurationList = 5305788C2CAD51BA0075182B /* Build configuration list for PBXProject "ElevatorRequestApp" */;
			compatibilityVersion = "Xcode 14.0";
			developmentRegion = en;
			hasScannedForEncodings = 0;
			knownRegions = (
				en,
				Base,
			);
			mainGroup = 530578882CAD51BA0075182B;
			productRefGroup = 530578922CAD51BA0075182B /* Products */;
			projectDirPath = "";
			projectRoot = "";
			targets = (
				530578902CAD51BA0075182B /* ElevatorRequestApp */,
				530578A12CAD51BC0075182B /* ElevatorRequestAppTests */,
				530578AB2CAD51BC0075182B /* ElevatorRequestAppUITests */,
			);
		};
/* End PBXProject section */

/* Begin PBXResourcesBuildPhase section */
		5305788F2CAD51BA0075182B /* Resources */ = {
			isa = PBXResourcesBuildPhase;
			buildActionMask = 2147483647;
			files = (
				5305789D2CAD51BC0075182B /* Preview Assets.xcassets in Resources */,
				530578992CAD51BC0075182B /* Assets.xcassets in Resources */,
			);
			runOnlyForDeploymentPostprocessing = 0;
		};
		530578A02CAD51BC0075182B /* Resources */ = {
			isa = PBXResourcesBuildPhase;
			buildActionMask = 2147483647;
			files = (
			);
			runOnlyForDeploymentPostprocessing = 0;
		};
		530578AA2CAD51BC0075182B /* Resources */ = {
			isa = PBXResourcesBuildPhase;
			buildActionMask = 2147483647;
			files = (
			);
			runOnlyForDeploymentPostprocessing = 0;
		};
/* End PBXResourcesBuildPhase section */

/* Begin PBXSourcesBuildPhase section */
		5305788D2CAD51BA0075182B /* Sources */ = {
			isa = PBXSourcesBuildPhase;
			buildActionMask = 2147483647;
			files = (
				530578972CAD51BA0075182B /* ContentView.swift in Sources */,
				530578952CAD51BA0075182B /* ElevatorRequestAppApp.swift in Sources */,
			);
			runOnlyForDeploymentPostprocessing = 0;
		};
		5305789E2CAD51BC0075182B /* Sources */ = {
			isa = PBXSourcesBuildPhase;
			buildActionMask = 2147483647;
			files = (
				530578A72CAD51BC0075182B /* ElevatorRequestAppTests.swift in Sources */,
			);
			runOnlyForDeploymentPostprocessing = 0;
		};
		530578A82CAD51BC0075182B /* Sources */ = {
			isa = PBXSourcesBuildPhase;
			buildActionMask = 2147483647;
			files = (
				530578B12CAD51BC0075182B /* ElevatorRequestAppUITests.swift in Sources */,
			);
			runOnlyForDeploymentPostprocessing = 0;
		};
/* End PBXSourcesBuildPhase section */

/* Begin PBXTargetDependency section */
		530578A42CAD51BC0075182B /* PBXTargetDependency */ = {
			isa = PBXTargetDependency;
			target = 530578902CAD51BA0075182B /* ElevatorRequestApp */;
			targetProxy = 530578A32CAD51BC0075182B /* PBXContainerItemProxy */;
		};
		530578AE2CAD51BC0075182B /* PBXTargetDependency */ = {
			isa = PBXTargetDependency;
			target = 530578902CAD51BA0075182B /* ElevatorRequestApp */;
			targetProxy = 530578AD2CAD51BC0075182B /* PBXContainerItemProxy */;
		};
/* End PBXTargetDependency section */

/* Begin XCBuildConfiguration section */
		530578B42CAD51BC0075182B /* Debug */ = {
			isa = XCBuildConfiguration;
			buildSettings = {
				ALWAYS_SEARCH_USER_PATHS = NO;
				CLANG_ANALYZER_NONNULL = YES;
				CLANG_ANALYZER_NUMBER_OBJECT_CONVERSION = YES_AGGRESSIVE;
				CLANG_CXX_LANGUAGE_STANDARD = "gnu++20";
				CLANG_ENABLE_MODULES = YES;
				CLANG_ENABLE_OBJC_ARC = YES;
				CLANG_ENABLE_OBJC_WEAK = YES;
				CLANG_WARN_BLOCK_CAPTURE_AUTORELEASING = YES;
				CLANG_WARN_BOOL_CONVERSION = YES;
				CLANG_WARN_COMMA = YES;
				CLANG_WARN_CONSTANT_CONVERSION = YES;
				CLANG_WARN_DEPRECATED_OBJC_IMPLEMENTATIONS = YES;
				CLANG_WARN_DIRECT_OBJC_ISA_USAGE = YES_ERROR;
				CLANG_WARN_DOCUMENTATION_COMMENTS = YES;
				CLANG_WARN_EMPTY_BODY = YES;
				CLANG_WARN_ENUM_CONVERSION = YES;
				CLANG_WARN_INFINITE_RECURSION = YES;
				CLANG_WARN_INT_CONVERSION = YES;
				CLANG_WARN_NON_LITERAL_NULL_CONVERSION = YES;
				CLANG_WARN_OBJC_IMPLICIT_RETAIN_SELF = YES;
				CLANG_WARN_OBJC_LITERAL_CONVERSION = YES;
				CLANG_WARN_OBJC_ROOT_CLASS = YES_ERROR;
				CLANG_WARN_QUOTED_INCLUDE_IN_FRAMEWORK_HEADER = YES;
				CLANG_WARN_RANGE_LOOP_ANALYSIS = YES;
				CLANG_WARN_STRICT_PROTOTYPES = YES;
				CLANG_WARN_SUSPICIOUS_MOVE = YES;
				CLANG_WARN_UNGUARDED_AVAILABILITY = YES_AGGRESSIVE;
				CLANG_WARN_UNREACHABLE_CODE = YES;
				CLANG_WARN__DUPLICATE_METHOD_MATCH = YES;
				COPY_PHASE_STRIP = NO;
				DEBUG_INFORMATION_FORMAT = dwarf;
				ENABLE_STRICT_OBJC_MSGSEND = YES;
				ENABLE_TESTABILITY = YES;
				GCC_C_LANGUAGE_STANDARD = gnu11;
				GCC_DYNAMIC_NO_PIC = NO;
				GCC_NO_COMMON_BLOCKS = YES;
				GCC_OPTIMIZATION_LEVEL = 0;
				GCC_PREPROCESSOR_DEFINITIONS = (
					"DEBUG=1",
					"$(inherited)",
				);
				GCC_WARN_64_TO_32_BIT_CONVERSION = YES;
				GCC_WARN_ABOUT_RETURN_TYPE = YES_ERROR;
				GCC_WARN_UNDECLARED_SELECTOR = YES;
				GCC_WARN_UNINITIALIZED_AUTOS = YES_AGGRESSIVE;
				GCC_WARN_UNUSED_FUNCTION = YES;
				GCC_WARN_UNUSED_VARIABLE = YES;
				MTL_ENABLE_DEBUG_INFO = INCLUDE_SOURCE;
				MTL_FAST_MATH = YES;
				ONLY_ACTIVE_ARCH = YES;
				SWIFT_ACTIVE_COMPILATION_CONDITIONS = DEBUG;
				SWIFT_OPTIMIZATION_LEVEL = "-Onone";
			};
			name = Debug;
		};
		530578B52CAD51BC0075182B /* Release */ = {
			isa = XCBuildConfiguration;
			buildSettings = {
				ALWAYS_SEARCH_USER_PATHS = NO;
				CLANG_ANALYZER_NONNULL = YES;
				CLANG_ANALYZER_NUMBER_OBJECT_CONVERSION = YES_AGGRESSIVE;
				CLANG_CXX_LANGUAGE_STANDARD = "gnu++20";
				CLANG_ENABLE_MODULES = YES;
				CLANG_ENABLE_OBJC_ARC = YES;
				CLANG_ENABLE_OBJC_WEAK = YES;
				CLANG_WARN_BLOCK_CAPTURE_AUTORELEASING = YES;
				CLANG_WARN_BOOL_CONVERSION = YES;
				CLANG_WARN_COMMA = YES;
				CLANG_WARN_CONSTANT_CONVERSION = YES;
				CLANG_WARN_DEPRECATED_OBJC_IMPLEMENTATIONS = YES;
				CLANG_WARN_DIRECT_OBJC_ISA_USAGE = YES_ERROR;
				CLANG_WARN_DOCUMENTATION_COMMENTS = YES;
				CLANG_WARN_EMPTY_BODY = YES;
				CLANG_WARN_ENUM_CONVERSION = YES;
				CLANG_WARN_INFINITE_RECURSION = YES;
				CLANG_WARN_INT_CONVERSION = YES;
				CLANG_WARN_NON_LITERAL_NULL_CONVERSION = YES;
				CLANG_WARN_OBJC_IMPLICIT_RETAIN_SELF = YES;
				CLANG_WARN_OBJC_LITERAL_CONVERSION = YES;
				CLANG_WARN_OBJC_ROOT_CLASS = YES_ERROR;
				CLANG_WARN_QUOTED_INCLUDE_IN_FRAMEWORK_HEADER = YES;
				CLANG_WARN_RANGE_LOOP_ANALYSIS = YES;
				CLANG_WARN_STRICT_PROTOTYPES = YES;
				CLANG_WARN_SUSPICIOUS_MOVE = YES;
				CLANG_WARN_UNGUARDED_AVAILABILITY = YES_AGGRESSIVE;
				CLANG_WARN_UNREACHABLE_CODE = YES;
				CLANG_WARN__DUPLICATE_METHOD_MATCH = YES;
				COPY_PHASE_STRIP = NO;
				DEBUG_INFORMATION_FORMAT = "dwarf-with-dsym";
				ENABLE_NS_ASSERTIONS = NO;
				ENABLE_STRICT_OBJC_MSGSEND = YES;
				GCC_C_LANGUAGE_STANDARD = gnu11;
				GCC_NO_COMMON_BLOCKS = YES;
				GCC_WARN_64_TO_32_BIT_CONVERSION = YES;
				GCC_WARN_ABOUT_RETURN_TYPE = YES_ERROR;
				GCC_WARN_UNDECLARED_SELECTOR = YES;
				GCC_WARN_UNINITIALIZED_AUTOS = YES_AGGRESSIVE;
				GCC_WARN_UNUSED_FUNCTION = YES;
				GCC_WARN_UNUSED_VARIABLE = YES;
				MTL_ENABLE_DEBUG_INFO = NO;
				MTL_FAST_MATH = YES;
				SWIFT_COMPILATION_MODE = wholemodule;
				SWIFT_OPTIMIZATION_LEVEL = "-O";
			};
			name = Release;
		};
		530578B72CAD51BC0075182B /* Debug */ = {
			isa = XCBuildConfiguration;
			buildSettings = {
				ASSETCATALOG_COMPILER_APPICON_NAME = AppIcon;
				ASSETCATALOG_COMPILER_GLOBAL_ACCENT_COLOR_NAME = AccentColor;
				CODE_SIGN_ENTITLEMENTS = ElevatorRequestApp/ElevatorRequestApp.entitlements;
				CODE_SIGN_STYLE = Automatic;
				CURRENT_PROJECT_VERSION = 1;
				DEVELOPMENT_ASSET_PATHS = "\"ElevatorRequestApp/Preview Content\"";
				DEVELOPMENT_TEAM = AYBAYLL534;
				ENABLE_HARDENED_RUNTIME = YES;
				ENABLE_PREVIEWS = YES;
				GENERATE_INFOPLIST_FILE = YES;
				INFOPLIST_KEY_CFBundleDisplayName = "Elevator Request";
				"INFOPLIST_KEY_UIApplicationSceneManifest_Generation[sdk=iphoneos*]" = YES;
				"INFOPLIST_KEY_UIApplicationSceneManifest_Generation[sdk=iphonesimulator*]" = YES;
				"INFOPLIST_KEY_UIApplicationSupportsIndirectInputEvents[sdk=iphoneos*]" = YES;
				"INFOPLIST_KEY_UIApplicationSupportsIndirectInputEvents[sdk=iphonesimulator*]" = YES;
				"INFOPLIST_KEY_UILaunchScreen_Generation[sdk=iphoneos*]" = YES;
				"INFOPLIST_KEY_UILaunchScreen_Generation[sdk=iphonesimulator*]" = YES;
				"INFOPLIST_KEY_UIStatusBarStyle[sdk=iphoneos*]" = UIStatusBarStyleDefault;
				"INFOPLIST_KEY_UIStatusBarStyle[sdk=iphonesimulator*]" = UIStatusBarStyleDefault;
				INFOPLIST_KEY_UISupportedInterfaceOrientations_iPad = "UIInterfaceOrientationPortrait UIInterfaceOrientationPortraitUpsideDown UIInterfaceOrientationLandscapeLeft UIInterfaceOrientationLandscapeRight";
				INFOPLIST_KEY_UISupportedInterfaceOrientations_iPhone = "UIInterfaceOrientationPortrait UIInterfaceOrientationLandscapeLeft UIInterfaceOrientationLandscapeRight";
				IPHONEOS_DEPLOYMENT_TARGET = 16.4;
				LD_RUNPATH_SEARCH_PATHS = "@executable_path/Frameworks";
				"LD_RUNPATH_SEARCH_PATHS[sdk=macosx*]" = "@executable_path/../Frameworks";
				MACOSX_DEPLOYMENT_TARGET = 13.3;
				MARKETING_VERSION = 1.0;
				PRODUCT_BUNDLE_IDENTIFIER = com.armv.ElevatorRequestApp;
				PRODUCT_NAME = "$(TARGET_NAME)";
				SDKROOT = auto;
				SUPPORTED_PLATFORMS = "iphoneos iphonesimulator";
				SUPPORTS_MACCATALYST = NO;
				SUPPORTS_MAC_DESIGNED_FOR_IPHONE_IPAD = NO;
				SWIFT_EMIT_LOC_STRINGS = YES;
				SWIFT_VERSION = 5.0;
				TARGETED_DEVICE_FAMILY = "1,2";
			};
			name = Debug;
		};
		530578B82CAD51BC0075182B /* Release */ = {
			isa = XCBuildConfiguration;
			buildSettings = {
				ASSETCATALOG_COMPILER_APPICON_NAME = AppIcon;
				ASSETCATALOG_COMPILER_GLOBAL_ACCENT_COLOR_NAME = AccentColor;
				CODE_SIGN_ENTITLEMENTS = ElevatorRequestApp/ElevatorRequestApp.entitlements;
				CODE_SIGN_STYLE = Automatic;
				CURRENT_PROJECT_VERSION = 1;
				DEVELOPMENT_ASSET_PATHS = "\"ElevatorRequestApp/Preview Content\"";
				DEVELOPMENT_TEAM = AYBAYLL534;
				ENABLE_HARDENED_RUNTIME = YES;
				ENABLE_PREVIEWS = YES;
				GENERATE_INFOPLIST_FILE = YES;
				INFOPLIST_KEY_CFBundleDisplayName = "Elevator Request";
				"INFOPLIST_KEY_UIApplicationSceneManifest_Generation[sdk=iphoneos*]" = YES;
				"INFOPLIST_KEY_UIApplicationSceneManifest_Generation[sdk=iphonesimulator*]" = YES;
				"INFOPLIST_KEY_UIApplicationSupportsIndirectInputEvents[sdk=iphoneos*]" = YES;
				"INFOPLIST_KEY_UIApplicationSupportsIndirectInputEvents[sdk=iphonesimulator*]" = YES;
				"INFOPLIST_KEY_UILaunchScreen_Generation[sdk=iphoneos*]" = YES;
				"INFOPLIST_KEY_UILaunchScreen_Generation[sdk=iphonesimulator*]" = YES;
				"INFOPLIST_KEY_UIStatusBarStyle[sdk=iphoneos*]" = UIStatusBarStyleDefault;
				"INFOPLIST_KEY_UIStatusBarStyle[sdk=iphonesimulator*]" = UIStatusBarStyleDefault;
				INFOPLIST_KEY_UISupportedInterfaceOrientations_iPad = "UIInterfaceOrientationPortrait UIInterfaceOrientationPortraitUpsideDown UIInterfaceOrientationLandscapeLeft UIInterfaceOrientationLandscapeRight";
				INFOPLIST_KEY_UISupportedInterfaceOrientations_iPhone = "UIInterfaceOrientationPortrait UIInterfaceOrientationLandscapeLeft UIInterfaceOrientationLandscapeRight";
				IPHONEOS_DEPLOYMENT_TARGET = 16.4;
				LD_RUNPATH_SEARCH_PATHS = "@executable_path/Frameworks";
				"LD_RUNPATH_SEARCH_PATHS[sdk=macosx*]" = "@executable_path/../Frameworks";
				MACOSX_DEPLOYMENT_TARGET = 13.3;
				MARKETING_VERSION = 1.0;
				PRODUCT_BUNDLE_IDENTIFIER = com.armv.ElevatorRequestApp;
				PRODUCT_NAME = "$(TARGET_NAME)";
				SDKROOT = auto;
				SUPPORTED_PLATFORMS = "iphoneos iphonesimulator";
				SUPPORTS_MACCATALYST = NO;
				SUPPORTS_MAC_DESIGNED_FOR_IPHONE_IPAD = NO;
				SWIFT_EMIT_LOC_STRINGS = YES;
				SWIFT_VERSION = 5.0;
				TARGETED_DEVICE_FAMILY = "1,2";
			};
			name = Release;
		};
		530578BA2CAD51BC0075182B /* Debug */ = {
			isa = XCBuildConfiguration;
			buildSettings = {
				ALWAYS_EMBED_SWIFT_STANDARD_LIBRARIES = YES;
				BUNDLE_LOADER = "$(TEST_HOST)";
				CODE_SIGN_STYLE = Automatic;
				CURRENT_PROJECT_VERSION = 1;
				DEVELOPMENT_TEAM = AYBAYLL534;
				GENERATE_INFOPLIST_FILE = YES;
				IPHONEOS_DEPLOYMENT_TARGET = 16.4;
				MACOSX_DEPLOYMENT_TARGET = 13.3;
				MARKETING_VERSION = 1.0;
				PRODUCT_BUNDLE_IDENTIFIER = com.armv.ElevatorRequestAppTests;
				PRODUCT_NAME = "$(TARGET_NAME)";
				SDKROOT = auto;
				SUPPORTED_PLATFORMS = "iphoneos iphonesimulator macosx";
				SWIFT_EMIT_LOC_STRINGS = NO;
				SWIFT_VERSION = 5.0;
				TARGETED_DEVICE_FAMILY = "1,2";
				TEST_HOST = "$(BUILT_PRODUCTS_DIR)/ElevatorRequestApp.app/$(BUNDLE_EXECUTABLE_FOLDER_PATH)/ElevatorRequestApp";
			};
			name = Debug;
		};
		530578BB2CAD51BC0075182B /* Release */ = {
			isa = XCBuildConfiguration;
			buildSettings = {
				ALWAYS_EMBED_SWIFT_STANDARD_LIBRARIES = YES;
				BUNDLE_LOADER = "$(TEST_HOST)";
				CODE_SIGN_STYLE = Automatic;
				CURRENT_PROJECT_VERSION = 1;
				DEVELOPMENT_TEAM = AYBAYLL534;
				GENERATE_INFOPLIST_FILE = YES;
				IPHONEOS_DEPLOYMENT_TARGET = 16.4;
				MACOSX_DEPLOYMENT_TARGET = 13.3;
				MARKETING_VERSION = 1.0;
				PRODUCT_BUNDLE_IDENTIFIER = com.armv.ElevatorRequestAppTests;
				PRODUCT_NAME = "$(TARGET_NAME)";
				SDKROOT = auto;
				SUPPORTED_PLATFORMS = "iphoneos iphonesimulator macosx";
				SWIFT_EMIT_LOC_STRINGS = NO;
				SWIFT_VERSION = 5.0;
				TARGETED_DEVICE_FAMILY = "1,2";
				TEST_HOST = "$(BUILT_PRODUCTS_DIR)/ElevatorRequestApp.app/$(BUNDLE_EXECUTABLE_FOLDER_PATH)/ElevatorRequestApp";
			};
			name = Release;
		};
		530578BD2CAD51BC0075182B /* Debug */ = {
			isa = XCBuildConfiguration;
			buildSettings = {
				ALWAYS_EMBED_SWIFT_STANDARD_LIBRARIES = YES;
				CODE_SIGN_STYLE = Automatic;
				CURRENT_PROJECT_VERSION = 1;
				DEVELOPMENT_TEAM = AYBAYLL534;
				GENERATE_INFOPLIST_FILE = YES;
				IPHONEOS_DEPLOYMENT_TARGET = 16.4;
				MACOSX_DEPLOYMENT_TARGET = 13.3;
				MARKETING_VERSION = 1.0;
				PRODUCT_BUNDLE_IDENTIFIER = com.armv.ElevatorRequestAppUITests;
				PRODUCT_NAME = "$(TARGET_NAME)";
				SDKROOT = auto;
				SUPPORTED_PLATFORMS = "iphoneos iphonesimulator macosx";
				SWIFT_EMIT_LOC_STRINGS = NO;
				SWIFT_VERSION = 5.0;
				TARGETED_DEVICE_FAMILY = "1,2";
				TEST_TARGET_NAME = ElevatorRequestApp;
			};
			name = Debug;
		};
		530578BE2CAD51BC0075182B /* Release */ = {
			isa = XCBuildConfiguration;
			buildSettings = {
				ALWAYS_EMBED_SWIFT_STANDARD_LIBRARIES = YES;
				CODE_SIGN_STYLE = Automatic;
				CURRENT_PROJECT_VERSION = 1;
				DEVELOPMENT_TEAM = AYBAYLL534;
				GENERATE_INFOPLIST_FILE = YES;
				IPHONEOS_DEPLOYMENT_TARGET = 16.4;
				MACOSX_DEPLOYMENT_TARGET = 13.3;
				MARKETING_VERSION = 1.0;
				PRODUCT_BUNDLE_IDENTIFIER = com.armv.ElevatorRequestAppUITests;
				PRODUCT_NAME = "$(TARGET_NAME)";
				SDKROOT = auto;
				SUPPORTED_PLATFORMS = "iphoneos iphonesimulator macosx";
				SWIFT_EMIT_LOC_STRINGS = NO;
				SWIFT_VERSION = 5.0;
				TARGETED_DEVICE_FAMILY = "1,2";
				TEST_TARGET_NAME = ElevatorRequestApp;
			};
			name = Release;
		};
/* End XCBuildConfiguration section */

/* Begin XCConfigurationList section */
		5305788C2CAD51BA0075182B /* Build configuration list for PBXProject "ElevatorRequestApp" */ = {
			isa = XCConfigurationList;
			buildConfigurations = (
				530578B42CAD51BC0075182B /* Debug */,
				530578B52CAD51BC0075182B /* Release */,
			);
			defaultConfigurationIsVisible = 0;
			defaultConfigurationName = Release;
		};
		530578B62CAD51BC0075182B /* Build configuration list for PBXNativeTarget "ElevatorRequestApp" */ = {
			isa = XCConfigurationList;
			buildConfigurations = (
				530578B72CAD51BC0075182B /* Debug */,
				530578B82CAD51BC0075182B /* Release */,
			);
			defaultConfigurationIsVisible = 0;
			defaultConfigurationName = Release;
		};
		530578B92CAD51BC0075182B /* Build configuration list for PBXNativeTarget "ElevatorRequestAppTests" */ = {
			isa = XCConfigurationList;
			buildConfigurations = (
				530578BA2CAD51BC0075182B /* Debug */,
				530578BB2CAD51BC0075182B /* Release */,
			);
			defaultConfigurationIsVisible = 0;
			defaultConfigurationName = Release;
		};
		530578BC2CAD51BC0075182B /* Build configuration list for PBXNativeTarget "ElevatorRequestAppUITests" */ = {
			isa = XCConfigurationList;
			buildConfigurations = (
				530578BD2CAD51BC0075182B /* Debug */,
				530578BE2CAD51BC0075182B /* Release */,
			);
			defaultConfigurationIsVisible = 0;
			defaultConfigurationName = Release;
		};
/* End XCConfigurationList section */
	};
	rootObject = 530578892CAD51BA0075182B /* Project object */;
}
